
Microsoft Visual Studio Solution File, Format Version 12.00
# Visual Studio Version 17
VisualStudioVersion = 17.5.33516.290
MinimumVisualStudioVersion = 10.0.40219.1
Project("{9A19103F-16F7-4668-BE54-9A1E7A4F7556}") = "DownloadInventoryFunc", "DownloadInventoryFunc.csproj", "{4AEB77B4-7EB0-4DF1-AEE3-1D8BED668761}"
EndProject
Global
	GlobalSection(SolutionConfigurationPlatforms) = preSolution
		Debug|Any CPU = Debug|Any CPU
		Release|Any CPU = Release|Any CPU
	EndGlobalSection
	GlobalSection(ProjectConfigurationPlatforms) = postSolution
		{4AEB77B4-7EB0-4DF1-AEE3-1D8BED668761}.Debug|Any CPU.ActiveCfg = Debug|Any CPU
		{4AEB77B4-7EB0-4DF1-AEE3-1D8BED668761}.Debug|Any CPU.Build.0 = Debug|Any CPU
		{4AEB77B4-7EB0-4DF1-AEE3-1D8BED668761}.Release|Any CPU.ActiveCfg = Release|Any CPU
		{4AEB77B4-7EB0-4DF1-AEE3-1D8BED668761}.Release|Any CPU.Build.0 = Release|Any CPU
	EndGlobalSection
	GlobalSection(SolutionProperties) = preSolution
		HideSolutionNode = FALSE
	EndGlobalSection
	GlobalSection(ExtensibilityGlobals) = postSolution
		SolutionGuid = {E9AFBDAD-72FA-475E-BADA-18F5E644D9F8}
	EndGlobalSection
EndGlobal
